// !$*UTF8*$!
{
	archiveVersion = 1;
	classes = {
	};
	objectVersion = 50;
	objects = {

/* Begin PBXBuildFile section */
		DF5CB4DE2118483A00F39DC0 /* AppDelegate.swift in Sources */ = {isa = PBXBuildFile; fileRef = DF5CB4DD2118483A00F39DC0 /* AppDelegate.swift */; };
		DF5CB4E02118483A00F39DC0 /* RootViewController.swift in Sources */ = {isa = PBXBuildFile; fileRef = DF5CB4DF2118483A00F39DC0 /* RootViewController.swift */; };
		DF5CB4E52118483C00F39DC0 /* Assets.xcassets in Resources */ = {isa = PBXBuildFile; fileRef = DF5CB4E42118483C00F39DC0 /* Assets.xcassets */; };
		DF5CB4E82118483C00F39DC0 /* LaunchScreen.storyboard in Resources */ = {isa = PBXBuildFile; fileRef = DF5CB4E62118483C00F39DC0 /* LaunchScreen.storyboard */; };
		DF5CB4FA211855AA00F39DC0 /* NewSplitViewController.swift in Sources */ = {isa = PBXBuildFile; fileRef = DF5CB4F9211855AA00F39DC0 /* NewSplitViewController.swift */; };
		DF5CB5022118634C00F39DC0 /* Split.swift in Sources */ = {isa = PBXBuildFile; fileRef = DF5CB5012118634C00F39DC0 /* Split.swift */; };
		DF5CB5052118728F00F39DC0 /* database.swift in Sources */ = {isa = PBXBuildFile; fileRef = DF5CB5042118728F00F39DC0 /* database.swift */; };
		DF5CB50721187A9400F39DC0 /* SplitController.swift in Sources */ = {isa = PBXBuildFile; fileRef = DF5CB50621187A9400F39DC0 /* SplitController.swift */; };
		DF5CB50921198D9400F39DC0 /* SplitViewController.swift in Sources */ = {isa = PBXBuildFile; fileRef = DF5CB50821198D9400F39DC0 /* SplitViewController.swift */; };
		DF5CB50C211998A500F39DC0 /* Expense.swift in Sources */ = {isa = PBXBuildFile; fileRef = DF5CB50B211998A500F39DC0 /* Expense.swift */; };
		DF5CB50E2119D80A00F39DC0 /* NewExpenseViewController.swift in Sources */ = {isa = PBXBuildFile; fileRef = DF5CB50D2119D80A00F39DC0 /* NewExpenseViewController.swift */; };
		DF890F9A211C542100305528 /* EurekaExtensions.swift in Sources */ = {isa = PBXBuildFile; fileRef = DF890F99211C542100305528 /* EurekaExtensions.swift */; };
		DFB90DA4211E7A0F0084C5E5 /* split_bills_tests.swift in Sources */ = {isa = PBXBuildFile; fileRef = DFB90DA3211E7A0F0084C5E5 /* split_bills_tests.swift */; };
		DFB90DAC211E7A570084C5E5 /* ExpenseTests.swift in Sources */ = {isa = PBXBuildFile; fileRef = DFB90DAB211E7A570084C5E5 /* ExpenseTests.swift */; };
/* End PBXBuildFile section */

/* Begin PBXContainerItemProxy section */
		DFB90DA6211E7A0F0084C5E5 /* PBXContainerItemProxy */ = {
			isa = PBXContainerItemProxy;
			containerPortal = DF5CB4D22118483A00F39DC0 /* Project object */;
			proxyType = 1;
			remoteGlobalIDString = DF5CB4D92118483A00F39DC0;
			remoteInfo = "split-bills";
		};
/* End PBXContainerItemProxy section */

/* Begin PBXFileReference section */
		DF5CB4DA2118483A00F39DC0 /* split-bills.app */ = {isa = PBXFileReference; explicitFileType = wrapper.application; includeInIndex = 0; path = "split-bills.app"; sourceTree = BUILT_PRODUCTS_DIR; };
		DF5CB4DD2118483A00F39DC0 /* AppDelegate.swift */ = {isa = PBXFileReference; lastKnownFileType = sourcecode.swift; path = AppDelegate.swift; sourceTree = "<group>"; };
		DF5CB4DF2118483A00F39DC0 /* RootViewController.swift */ = {isa = PBXFileReference; lastKnownFileType = sourcecode.swift; path = RootViewController.swift; sourceTree = "<group>"; };
		DF5CB4E42118483C00F39DC0 /* Assets.xcassets */ = {isa = PBXFileReference; lastKnownFileType = folder.assetcatalog; path = Assets.xcassets; sourceTree = "<group>"; };
		DF5CB4E72118483C00F39DC0 /* Base */ = {isa = PBXFileReference; lastKnownFileType = file.storyboard; name = Base; path = Base.lproj/LaunchScreen.storyboard; sourceTree = "<group>"; };
		DF5CB4E92118483C00F39DC0 /* Info.plist */ = {isa = PBXFileReference; lastKnownFileType = text.plist.xml; path = Info.plist; sourceTree = "<group>"; };
		DF5CB4F9211855AA00F39DC0 /* NewSplitViewController.swift */ = {isa = PBXFileReference; lastKnownFileType = sourcecode.swift; path = NewSplitViewController.swift; sourceTree = "<group>"; };
		DF5CB5012118634C00F39DC0 /* Split.swift */ = {isa = PBXFileReference; lastKnownFileType = sourcecode.swift; path = Split.swift; sourceTree = "<group>"; };
		DF5CB5042118728F00F39DC0 /* database.swift */ = {isa = PBXFileReference; lastKnownFileType = sourcecode.swift; path = database.swift; sourceTree = "<group>"; };
		DF5CB50621187A9400F39DC0 /* SplitController.swift */ = {isa = PBXFileReference; lastKnownFileType = sourcecode.swift; path = SplitController.swift; sourceTree = "<group>"; };
		DF5CB50821198D9400F39DC0 /* SplitViewController.swift */ = {isa = PBXFileReference; lastKnownFileType = sourcecode.swift; path = SplitViewController.swift; sourceTree = "<group>"; };
		DF5CB50B211998A500F39DC0 /* Expense.swift */ = {isa = PBXFileReference; lastKnownFileType = sourcecode.swift; path = Expense.swift; sourceTree = "<group>"; };
		DF5CB50D2119D80A00F39DC0 /* NewExpenseViewController.swift */ = {isa = PBXFileReference; lastKnownFileType = sourcecode.swift; path = NewExpenseViewController.swift; sourceTree = "<group>"; };
		DF890F99211C542100305528 /* EurekaExtensions.swift */ = {isa = PBXFileReference; lastKnownFileType = sourcecode.swift; path = EurekaExtensions.swift; sourceTree = "<group>"; };
		DF890F9C211C772F00305528 /* Playground.playground */ = {isa = PBXFileReference; lastKnownFileType = file.playground; path = Playground.playground; sourceTree = "<group>"; xcLanguageSpecificationIdentifier = xcode.lang.swift; };
		DFB90DA1211E7A0F0084C5E5 /* split-bills-tests.xctest */ = {isa = PBXFileReference; explicitFileType = wrapper.cfbundle; includeInIndex = 0; path = "split-bills-tests.xctest"; sourceTree = BUILT_PRODUCTS_DIR; };
		DFB90DA3211E7A0F0084C5E5 /* split_bills_tests.swift */ = {isa = PBXFileReference; lastKnownFileType = sourcecode.swift; path = split_bills_tests.swift; sourceTree = "<group>"; };
		DFB90DA5211E7A0F0084C5E5 /* Info.plist */ = {isa = PBXFileReference; lastKnownFileType = text.plist.xml; path = Info.plist; sourceTree = "<group>"; };
		DFB90DAB211E7A570084C5E5 /* ExpenseTests.swift */ = {isa = PBXFileReference; lastKnownFileType = sourcecode.swift; path = ExpenseTests.swift; sourceTree = "<group>"; };
/* End PBXFileReference section */

/* Begin PBXFrameworksBuildPhase section */
		DF5CB4D72118483A00F39DC0 /* Frameworks */ = {
			isa = PBXFrameworksBuildPhase;
			buildActionMask = 2147483647;
			files = (
			);
			runOnlyForDeploymentPostprocessing = 0;
		};
		DFB90D9E211E7A0F0084C5E5 /* Frameworks */ = {
			isa = PBXFrameworksBuildPhase;
			buildActionMask = 2147483647;
			files = (
			);
			runOnlyForDeploymentPostprocessing = 0;
		};
/* End PBXFrameworksBuildPhase section */

/* Begin PBXGroup section */
		DF5CB4D12118483A00F39DC0 = {
			isa = PBXGroup;
			children = (
				DF5CB4DC2118483A00F39DC0 /* split-bills */,
				DFB90DA2211E7A0F0084C5E5 /* split-bills-tests */,
				DF5CB4DB2118483A00F39DC0 /* Products */,
			);
			sourceTree = "<group>";
		};
		DF5CB4DB2118483A00F39DC0 /* Products */ = {
			isa = PBXGroup;
			children = (
				DF5CB4DA2118483A00F39DC0 /* split-bills.app */,
				DFB90DA1211E7A0F0084C5E5 /* split-bills-tests.xctest */,
			);
			name = Products;
			sourceTree = "<group>";
		};
		DF5CB4DC2118483A00F39DC0 /* split-bills */ = {
			isa = PBXGroup;
			children = (
				DF890F98211C541000305528 /* Utils */,
				DF5CB5032118728300F39DC0 /* Database */,
				DF5CB5002118634100F39DC0 /* Models */,
				DF5CB4F82118559800F39DC0 /* Splits Controllers */,
				DF5CB4DD2118483A00F39DC0 /* AppDelegate.swift */,
				DF5CB50A2119917E00F39DC0 /* Resources */,
				DF5CB4E62118483C00F39DC0 /* LaunchScreen.storyboard */,
				DF5CB4E92118483C00F39DC0 /* Info.plist */,
			);
			path = "split-bills";
			sourceTree = "<group>";
		};
		DF5CB4F82118559800F39DC0 /* Splits Controllers */ = {
			isa = PBXGroup;
			children = (
				DF5CB4F9211855AA00F39DC0 /* NewSplitViewController.swift */,
				DF5CB4DF2118483A00F39DC0 /* RootViewController.swift */,
				DF5CB50621187A9400F39DC0 /* SplitController.swift */,
				DF5CB50821198D9400F39DC0 /* SplitViewController.swift */,
				DF5CB50D2119D80A00F39DC0 /* NewExpenseViewController.swift */,
			);
			path = "Splits Controllers";
			sourceTree = "<group>";
		};
		DF5CB5002118634100F39DC0 /* Models */ = {
			isa = PBXGroup;
			children = (
				DF5CB5012118634C00F39DC0 /* Split.swift */,
				DF5CB50B211998A500F39DC0 /* Expense.swift */,
			);
			path = Models;
			sourceTree = "<group>";
		};
		DF5CB5032118728300F39DC0 /* Database */ = {
			isa = PBXGroup;
			children = (
				DF5CB5042118728F00F39DC0 /* database.swift */,
			);
			path = Database;
			sourceTree = "<group>";
		};
		DF5CB50A2119917E00F39DC0 /* Resources */ = {
			isa = PBXGroup;
			children = (
				DF5CB4E42118483C00F39DC0 /* Assets.xcassets */,
			);
			path = Resources;
			sourceTree = "<group>";
		};
		DF890F98211C541000305528 /* Utils */ = {
			isa = PBXGroup;
			children = (
				DF890F99211C542100305528 /* EurekaExtensions.swift */,
				DF890F9C211C772F00305528 /* Playground.playground */,
			);
			path = Utils;
			sourceTree = "<group>";
		};
		DFB90DA2211E7A0F0084C5E5 /* split-bills-tests */ = {
			isa = PBXGroup;
			children = (
				DFB90DA3211E7A0F0084C5E5 /* split_bills_tests.swift */,
				DFB90DA5211E7A0F0084C5E5 /* Info.plist */,
				DFB90DAB211E7A570084C5E5 /* ExpenseTests.swift */,
			);
			path = "split-bills-tests";
			sourceTree = "<group>";
		};
/* End PBXGroup section */

/* Begin PBXNativeTarget section */
		DF5CB4D92118483A00F39DC0 /* split-bills */ = {
			isa = PBXNativeTarget;
			buildConfigurationList = DF5CB4EC2118483C00F39DC0 /* Build configuration list for PBXNativeTarget "split-bills" */;
			buildPhases = (
				DF5CB4D62118483A00F39DC0 /* Sources */,
				DF5CB4D72118483A00F39DC0 /* Frameworks */,
				DF5CB4D82118483A00F39DC0 /* Resources */,
				DF5CB4F22118498100F39DC0 /* ShellScript */,
			);
			buildRules = (
			);
			dependencies = (
			);
			name = "split-bills";
			productName = "split-bills";
			productReference = DF5CB4DA2118483A00F39DC0 /* split-bills.app */;
			productType = "com.apple.product-type.application";
		};
		DFB90DA0211E7A0F0084C5E5 /* split-bills-tests */ = {
			isa = PBXNativeTarget;
			buildConfigurationList = DFB90DAA211E7A0F0084C5E5 /* Build configuration list for PBXNativeTarget "split-bills-tests" */;
			buildPhases = (
				DFB90D9D211E7A0F0084C5E5 /* Sources */,
				DFB90D9E211E7A0F0084C5E5 /* Frameworks */,
				DFB90D9F211E7A0F0084C5E5 /* Resources */,
			);
			buildRules = (
			);
			dependencies = (
				DFB90DA7211E7A0F0084C5E5 /* PBXTargetDependency */,
			);
			name = "split-bills-tests";
			productName = "split-bills-tests";
			productReference = DFB90DA1211E7A0F0084C5E5 /* split-bills-tests.xctest */;
			productType = "com.apple.product-type.bundle.unit-test";
		};
/* End PBXNativeTarget section */

/* Begin PBXProject section */
		DF5CB4D22118483A00F39DC0 /* Project object */ = {
			isa = PBXProject;
			attributes = {
				LastSwiftUpdateCheck = 1000;
				LastUpgradeCheck = 1000;
				ORGANIZATIONNAME = "Carlos Miguel de Elias";
				TargetAttributes = {
					DF5CB4D92118483A00F39DC0 = {
						CreatedOnToolsVersion = 10.0;
					};
					DFB90DA0211E7A0F0084C5E5 = {
						CreatedOnToolsVersion = 10.0;
						TestTargetID = DF5CB4D92118483A00F39DC0;
					};
				};
			};
			buildConfigurationList = DF5CB4D52118483A00F39DC0 /* Build configuration list for PBXProject "split-bills" */;
			compatibilityVersion = "Xcode 9.3";
			developmentRegion = en;
			hasScannedForEncodings = 0;
			knownRegions = (
				en,
				Base,
			);
			mainGroup = DF5CB4D12118483A00F39DC0;
			productRefGroup = DF5CB4DB2118483A00F39DC0 /* Products */;
			projectDirPath = "";
			projectRoot = "";
			targets = (
				DF5CB4D92118483A00F39DC0 /* split-bills */,
				DFB90DA0211E7A0F0084C5E5 /* split-bills-tests */,
			);
		};
/* End PBXProject section */

/* Begin PBXResourcesBuildPhase section */
		DF5CB4D82118483A00F39DC0 /* Resources */ = {
			isa = PBXResourcesBuildPhase;
			buildActionMask = 2147483647;
			files = (
				DF5CB4E82118483C00F39DC0 /* LaunchScreen.storyboard in Resources */,
				DF5CB4E52118483C00F39DC0 /* Assets.xcassets in Resources */,
			);
			runOnlyForDeploymentPostprocessing = 0;
		};
		DFB90D9F211E7A0F0084C5E5 /* Resources */ = {
			isa = PBXResourcesBuildPhase;
			buildActionMask = 2147483647;
			files = (
			);
			runOnlyForDeploymentPostprocessing = 0;
		};
/* End PBXResourcesBuildPhase section */

/* Begin PBXShellScriptBuildPhase section */
		DF5CB4F22118498100F39DC0 /* ShellScript */ = {
			isa = PBXShellScriptBuildPhase;
			buildActionMask = 2147483647;
			files = (
			);
			inputFileListPaths = (
			);
			inputPaths = (
				"$(SRCROOT)/Carthage/Build/iOS/SnapKit.framework",
				"$(SRCROOT)/Carthage/Build/iOS/Eureka.framework",
				"$(SRCROOT)/Carthage/Build/iOS/SQLite.framework",
			);
			outputFileListPaths = (
			);
			outputPaths = (
				"$(BUILT_PRODUCTS_DIR)/$(FRAMEWORKS_FOLDER_PATH)/SnapKit.framework",
				"$(BUILT_PRODUCTS_DIR)/$(FRAMEWORKS_FOLDER_PATH)/Eureka.framework",
				"$(BUILD_PRODUCTS_DIC)/$(FRAMWEORKS_FOLDER_PATH)/SQLite.framework",
			);
			runOnlyForDeploymentPostprocessing = 0;
			shellPath = /bin/sh;
			shellScript = "# Type a script or drag a script file from your workspace to insert its path.\n/usr/local/bin/carthage copy-frameworks\n";
		};
/* End PBXShellScriptBuildPhase section */

/* Begin PBXSourcesBuildPhase section */
		DF5CB4D62118483A00F39DC0 /* Sources */ = {
			isa = PBXSourcesBuildPhase;
			buildActionMask = 2147483647;
			files = (
				DF890F9A211C542100305528 /* EurekaExtensions.swift in Sources */,
				DF5CB50C211998A500F39DC0 /* Expense.swift in Sources */,
				DF5CB50721187A9400F39DC0 /* SplitController.swift in Sources */,
				DF5CB50921198D9400F39DC0 /* SplitViewController.swift in Sources */,
				DF5CB4E02118483A00F39DC0 /* RootViewController.swift in Sources */,
				DF5CB4DE2118483A00F39DC0 /* AppDelegate.swift in Sources */,
				DF5CB5022118634C00F39DC0 /* Split.swift in Sources */,
				DF5CB5052118728F00F39DC0 /* database.swift in Sources */,
				DF5CB4FA211855AA00F39DC0 /* NewSplitViewController.swift in Sources */,
				DF5CB50E2119D80A00F39DC0 /* NewExpenseViewController.swift in Sources */,
			);
			runOnlyForDeploymentPostprocessing = 0;
		};
		DFB90D9D211E7A0F0084C5E5 /* Sources */ = {
			isa = PBXSourcesBuildPhase;
			buildActionMask = 2147483647;
			files = (
				DFB90DAC211E7A570084C5E5 /* ExpenseTests.swift in Sources */,
				DFB90DA4211E7A0F0084C5E5 /* split_bills_tests.swift in Sources */,
			);
			runOnlyForDeploymentPostprocessing = 0;
		};
/* End PBXSourcesBuildPhase section */

/* Begin PBXTargetDependency section */
		DFB90DA7211E7A0F0084C5E5 /* PBXTargetDependency */ = {
			isa = PBXTargetDependency;
			target = DF5CB4D92118483A00F39DC0 /* split-bills */;
			targetProxy = DFB90DA6211E7A0F0084C5E5 /* PBXContainerItemProxy */;
		};
/* End PBXTargetDependency section */

/* Begin PBXVariantGroup section */
		DF5CB4E62118483C00F39DC0 /* LaunchScreen.storyboard */ = {
			isa = PBXVariantGroup;
			children = (
				DF5CB4E72118483C00F39DC0 /* Base */,
			);
			name = LaunchScreen.storyboard;
			sourceTree = "<group>";
		};
/* End PBXVariantGroup section */

/* Begin XCBuildConfiguration section */
		DF5CB4EA2118483C00F39DC0 /* Debug */ = {
			isa = XCBuildConfiguration;
			buildSettings = {
				ALWAYS_SEARCH_USER_PATHS = NO;
				CLANG_ANALYZER_NONNULL = YES;
				CLANG_ANALYZER_NUMBER_OBJECT_CONVERSION = YES_AGGRESSIVE;
				CLANG_CXX_LANGUAGE_STANDARD = "gnu++14";
				CLANG_CXX_LIBRARY = "libc++";
				CLANG_ENABLE_MODULES = YES;
				CLANG_ENABLE_OBJC_ARC = YES;
				CLANG_ENABLE_OBJC_WEAK = YES;
				CLANG_WARN_BLOCK_CAPTURE_AUTORELEASING = YES;
				CLANG_WARN_BOOL_CONVERSION = YES;
				CLANG_WARN_COMMA = YES;
				CLANG_WARN_CONSTANT_CONVERSION = YES;
				CLANG_WARN_DEPRECATED_OBJC_IMPLEMENTATIONS = YES;
				CLANG_WARN_DIRECT_OBJC_ISA_USAGE = YES_ERROR;
				CLANG_WARN_DOCUMENTATION_COMMENTS = YES;
				CLANG_WARN_EMPTY_BODY = YES;
				CLANG_WARN_ENUM_CONVERSION = YES;
				CLANG_WARN_INFINITE_RECURSION = YES;
				CLANG_WARN_INT_CONVERSION = YES;
				CLANG_WARN_NON_LITERAL_NULL_CONVERSION = YES;
				CLANG_WARN_OBJC_IMPLICIT_RETAIN_SELF = YES;
				CLANG_WARN_OBJC_LITERAL_CONVERSION = YES;
				CLANG_WARN_OBJC_ROOT_CLASS = YES_ERROR;
				CLANG_WARN_RANGE_LOOP_ANALYSIS = YES;
				CLANG_WARN_STRICT_PROTOTYPES = YES;
				CLANG_WARN_SUSPICIOUS_MOVE = YES;
				CLANG_WARN_UNGUARDED_AVAILABILITY = YES_AGGRESSIVE;
				CLANG_WARN_UNREACHABLE_CODE = YES;
				CLANG_WARN__DUPLICATE_METHOD_MATCH = YES;
				CODE_SIGN_IDENTITY = "iPhone Developer";
				COPY_PHASE_STRIP = NO;
				DEBUG_INFORMATION_FORMAT = dwarf;
				ENABLE_STRICT_OBJC_MSGSEND = YES;
				ENABLE_TESTABILITY = YES;
				GCC_C_LANGUAGE_STANDARD = gnu11;
				GCC_DYNAMIC_NO_PIC = NO;
				GCC_NO_COMMON_BLOCKS = YES;
				GCC_OPTIMIZATION_LEVEL = 0;
				GCC_PREPROCESSOR_DEFINITIONS = (
					"DEBUG=1",
					"$(inherited)",
				);
				GCC_WARN_64_TO_32_BIT_CONVERSION = YES;
				GCC_WARN_ABOUT_RETURN_TYPE = YES_ERROR;
				GCC_WARN_UNDECLARED_SELECTOR = YES;
				GCC_WARN_UNINITIALIZED_AUTOS = YES_AGGRESSIVE;
				GCC_WARN_UNUSED_FUNCTION = YES;
				GCC_WARN_UNUSED_VARIABLE = YES;
				IPHONEOS_DEPLOYMENT_TARGET = 12.0;
				MTL_ENABLE_DEBUG_INFO = INCLUDE_SOURCE;
				MTL_FAST_MATH = YES;
				ONLY_ACTIVE_ARCH = YES;
				SDKROOT = iphoneos;
				SWIFT_ACTIVE_COMPILATION_CONDITIONS = DEBUG;
				SWIFT_OPTIMIZATION_LEVEL = "-Onone";
			};
			name = Debug;
		};
		DF5CB4EB2118483C00F39DC0 /* Release */ = {
			isa = XCBuildConfiguration;
			buildSettings = {
				ALWAYS_SEARCH_USER_PATHS = NO;
				CLANG_ANALYZER_NONNULL = YES;
				CLANG_ANALYZER_NUMBER_OBJECT_CONVERSION = YES_AGGRESSIVE;
				CLANG_CXX_LANGUAGE_STANDARD = "gnu++14";
				CLANG_CXX_LIBRARY = "libc++";
				CLANG_ENABLE_MODULES = YES;
				CLANG_ENABLE_OBJC_ARC = YES;
				CLANG_ENABLE_OBJC_WEAK = YES;
				CLANG_WARN_BLOCK_CAPTURE_AUTORELEASING = YES;
				CLANG_WARN_BOOL_CONVERSION = YES;
				CLANG_WARN_COMMA = YES;
				CLANG_WARN_CONSTANT_CONVERSION = YES;
				CLANG_WARN_DEPRECATED_OBJC_IMPLEMENTATIONS = YES;
				CLANG_WARN_DIRECT_OBJC_ISA_USAGE = YES_ERROR;
				CLANG_WARN_DOCUMENTATION_COMMENTS = YES;
				CLANG_WARN_EMPTY_BODY = YES;
				CLANG_WARN_ENUM_CONVERSION = YES;
				CLANG_WARN_INFINITE_RECURSION = YES;
				CLANG_WARN_INT_CONVERSION = YES;
				CLANG_WARN_NON_LITERAL_NULL_CONVERSION = YES;
				CLANG_WARN_OBJC_IMPLICIT_RETAIN_SELF = YES;
				CLANG_WARN_OBJC_LITERAL_CONVERSION = YES;
				CLANG_WARN_OBJC_ROOT_CLASS = YES_ERROR;
				CLANG_WARN_RANGE_LOOP_ANALYSIS = YES;
				CLANG_WARN_STRICT_PROTOTYPES = YES;
				CLANG_WARN_SUSPICIOUS_MOVE = YES;
				CLANG_WARN_UNGUARDED_AVAILABILITY = YES_AGGRESSIVE;
				CLANG_WARN_UNREACHABLE_CODE = YES;
				CLANG_WARN__DUPLICATE_METHOD_MATCH = YES;
				CODE_SIGN_IDENTITY = "iPhone Developer";
				COPY_PHASE_STRIP = NO;
				DEBUG_INFORMATION_FORMAT = "dwarf-with-dsym";
				ENABLE_NS_ASSERTIONS = NO;
				ENABLE_STRICT_OBJC_MSGSEND = YES;
				GCC_C_LANGUAGE_STANDARD = gnu11;
				GCC_NO_COMMON_BLOCKS = YES;
				GCC_WARN_64_TO_32_BIT_CONVERSION = YES;
				GCC_WARN_ABOUT_RETURN_TYPE = YES_ERROR;
				GCC_WARN_UNDECLARED_SELECTOR = YES;
				GCC_WARN_UNINITIALIZED_AUTOS = YES_AGGRESSIVE;
				GCC_WARN_UNUSED_FUNCTION = YES;
				GCC_WARN_UNUSED_VARIABLE = YES;
				IPHONEOS_DEPLOYMENT_TARGET = 12.0;
				MTL_ENABLE_DEBUG_INFO = NO;
				MTL_FAST_MATH = YES;
				SDKROOT = iphoneos;
				SWIFT_COMPILATION_MODE = wholemodule;
				SWIFT_OPTIMIZATION_LEVEL = "-O";
				VALIDATE_PRODUCT = YES;
			};
			name = Release;
		};
		DF5CB4ED2118483C00F39DC0 /* Debug */ = {
			isa = XCBuildConfiguration;
			buildSettings = {
				ASSETCATALOG_COMPILER_APPICON_NAME = AppIcon;
				CODE_SIGN_STYLE = Automatic;
				FRAMEWORK_SEARCH_PATHS = (
					"$(inherited)",
					"$(PROJECT_DIR)/Carthage/Build/iOS",
				);
				INFOPLIST_FILE = "split-bills/Info.plist";
				LD_RUNPATH_SEARCH_PATHS = (
					"$(inherited)",
					"@executable_path/Frameworks",
				);
				PRODUCT_BUNDLE_IDENTIFIER = "maikol.split-bills";
				PRODUCT_NAME = "$(TARGET_NAME)";
				SWIFT_VERSION = 4.2;
				TARGETED_DEVICE_FAMILY = "1,2";
			};
			name = Debug;
		};
		DF5CB4EE2118483C00F39DC0 /* Release */ = {
			isa = XCBuildConfiguration;
			buildSettings = {
				ASSETCATALOG_COMPILER_APPICON_NAME = AppIcon;
				CODE_SIGN_STYLE = Automatic;
				FRAMEWORK_SEARCH_PATHS = (
					"$(inherited)",
					"$(PROJECT_DIR)/Carthage/Build/iOS",
				);
				INFOPLIST_FILE = "split-bills/Info.plist";
				LD_RUNPATH_SEARCH_PATHS = (
					"$(inherited)",
					"@executable_path/Frameworks",
				);
				PRODUCT_BUNDLE_IDENTIFIER = "maikol.split-bills";
				PRODUCT_NAME = "$(TARGET_NAME)";
				SWIFT_VERSION = 4.2;
				TARGETED_DEVICE_FAMILY = "1,2";
			};
			name = Release;
		};
		DFB90DA8211E7A0F0084C5E5 /* Debug */ = {
			isa = XCBuildConfiguration;
			buildSettings = {
				BUNDLE_LOADER = "$(TEST_HOST)";
				CODE_SIGN_STYLE = Automatic;
				INFOPLIST_FILE = "split-bills-tests/Info.plist";
				LD_RUNPATH_SEARCH_PATHS = (
					"$(inherited)",
					"@executable_path/Frameworks",
					"@loader_path/Frameworks",
				);
				PRODUCT_BUNDLE_IDENTIFIER = "maikol.split-bills-tests";
				PRODUCT_NAME = "$(TARGET_NAME)";
				SWIFT_VERSION = 4.2;
				TARGETED_DEVICE_FAMILY = "1,2";
				TEST_HOST = "$(BUILT_PRODUCTS_DIR)/split-bills.app/split-bills";
			};
			name = Debug;
		};
		DFB90DA9211E7A0F0084C5E5 /* Release */ = {
			isa = XCBuildConfiguration;
			buildSettings = {
				BUNDLE_LOADER = "$(TEST_HOST)";
				CODE_SIGN_STYLE = Automatic;
				INFOPLIST_FILE = "split-bills-tests/Info.plist";
				LD_RUNPATH_SEARCH_PATHS = (
					"$(inherited)",
					"@executable_path/Frameworks",
					"@loader_path/Frameworks",
				);
				PRODUCT_BUNDLE_IDENTIFIER = "maikol.split-bills-tests";
				PRODUCT_NAME = "$(TARGET_NAME)";
				SWIFT_VERSION = 4.2;
				TARGETED_DEVICE_FAMILY = "1,2";
				TEST_HOST = "$(BUILT_PRODUCTS_DIR)/split-bills.app/split-bills";
			};
			name = Release;
		};
/* End XCBuildConfiguration section */

/* Begin XCConfigurationList section */
		DF5CB4D52118483A00F39DC0 /* Build configuration list for PBXProject "split-bills" */ = {
			isa = XCConfigurationList;
			buildConfigurations = (
				DF5CB4EA2118483C00F39DC0 /* Debug */,
				DF5CB4EB2118483C00F39DC0 /* Release */,
			);
			defaultConfigurationIsVisible = 0;
			defaultConfigurationName = Release;
		};
		DF5CB4EC2118483C00F39DC0 /* Build configuration list for PBXNativeTarget "split-bills" */ = {
			isa = XCConfigurationList;
			buildConfigurations = (
				DF5CB4ED2118483C00F39DC0 /* Debug */,
				DF5CB4EE2118483C00F39DC0 /* Release */,
			);
			defaultConfigurationIsVisible = 0;
			defaultConfigurationName = Release;
		};
		DFB90DAA211E7A0F0084C5E5 /* Build configuration list for PBXNativeTarget "split-bills-tests" */ = {
			isa = XCConfigurationList;
			buildConfigurations = (
				DFB90DA8211E7A0F0084C5E5 /* Debug */,
				DFB90DA9211E7A0F0084C5E5 /* Release */,
			);
			defaultConfigurationIsVisible = 0;
			defaultConfigurationName = Release;
		};
/* End XCConfigurationList section */
	};
	rootObject = DF5CB4D22118483A00F39DC0 /* Project object */;
}
