// !$*UTF8*$!
{
	archiveVersion = 1;
	classes = {
	};
	objectVersion = 50;
	objects = {

/* Begin PBXBuildFile section */
		50013913243D5AE300E36B85 /* NewExpenseInfoView.swift in Sources */ = {isa = PBXBuildFile; fileRef = 50013912243D5AE300E36B85 /* NewExpenseInfoView.swift */; };
		508CE462243AC8D800707D50 /* SplitRow.swift in Sources */ = {isa = PBXBuildFile; fileRef = 508CE461243AC8D800707D50 /* SplitRow.swift */; };
		508CE464243ADFEC00707D50 /* MainEmptyView.swift in Sources */ = {isa = PBXBuildFile; fileRef = 508CE463243ADFEC00707D50 /* MainEmptyView.swift */; };
		508CE466243B061100707D50 /* SplitEmptyView.swift in Sources */ = {isa = PBXBuildFile; fileRef = 508CE465243B061100707D50 /* SplitEmptyView.swift */; };
		509738B7243C45FB0040AB93 /* ViewExtensions.swift in Sources */ = {isa = PBXBuildFile; fileRef = 509738B6243C45FB0040AB93 /* ViewExtensions.swift */; };
		509738BA243C57EE0040AB93 /* Participants.swift in Sources */ = {isa = PBXBuildFile; fileRef = 509738B9243C57EE0040AB93 /* Participants.swift */; };
		50FD349B243C6528000B327A /* ParticipantSelectionView.swift in Sources */ = {isa = PBXBuildFile; fileRef = 50FD349A243C6528000B327A /* ParticipantSelectionView.swift */; };
		50FD349D243C65B5000B327A /* ParticipantSelectRow.swift in Sources */ = {isa = PBXBuildFile; fileRef = 50FD349C243C65B5000B327A /* ParticipantSelectRow.swift */; };
		DF1A03D92438054F00AD4E64 /* MainView.swift in Sources */ = {isa = PBXBuildFile; fileRef = DF1A03D82438054F00AD4E64 /* MainView.swift */; };
		DF1A03DC2438575700AD4E64 /* SplitView.swift in Sources */ = {isa = PBXBuildFile; fileRef = DF1A03DB2438575700AD4E64 /* SplitView.swift */; };
		DF1C7DB421290D1800B8FA0C /* UIStyleExtensions.swift in Sources */ = {isa = PBXBuildFile; fileRef = DF1C7DB321290D1800B8FA0C /* UIStyleExtensions.swift */; };
		DF27336F24395C1D008005F8 /* UIKitClasses.swift in Sources */ = {isa = PBXBuildFile; fileRef = DF27336E24395C1D008005F8 /* UIKitClasses.swift */; };
		DF4895E82439624700D10DBD /* NewSplitView.swift in Sources */ = {isa = PBXBuildFile; fileRef = DF4895E72439624700D10DBD /* NewSplitView.swift */; };
		DF4895EA2439676100D10DBD /* SharedViews.swift in Sources */ = {isa = PBXBuildFile; fileRef = DF4895E92439676100D10DBD /* SharedViews.swift */; };
		DF4895EC2439C86700D10DBD /* CollectionExtensions.swift in Sources */ = {isa = PBXBuildFile; fileRef = DF4895EB2439C86700D10DBD /* CollectionExtensions.swift */; };
		DF4C6DC12437CC6800954DC7 /* NewSplitViewModel.swift in Sources */ = {isa = PBXBuildFile; fileRef = DF4C6DC02437CC6800954DC7 /* NewSplitViewModel.swift */; };
		DF4C6DC32437D15C00954DC7 /* SplitViewModel.swift in Sources */ = {isa = PBXBuildFile; fileRef = DF4C6DC22437D15C00954DC7 /* SplitViewModel.swift */; };
		DF4C6DC52437D57100954DC7 /* NewExpenseViewModel.swift in Sources */ = {isa = PBXBuildFile; fileRef = DF4C6DC42437D57100954DC7 /* NewExpenseViewModel.swift */; };
		DF5CB4DE2118483A00F39DC0 /* AppDelegate.swift in Sources */ = {isa = PBXBuildFile; fileRef = DF5CB4DD2118483A00F39DC0 /* AppDelegate.swift */; };
		DF5CB4E02118483A00F39DC0 /* RootViewController.swift in Sources */ = {isa = PBXBuildFile; fileRef = DF5CB4DF2118483A00F39DC0 /* RootViewController.swift */; };
		DF5CB4E52118483C00F39DC0 /* Assets.xcassets in Resources */ = {isa = PBXBuildFile; fileRef = DF5CB4E42118483C00F39DC0 /* Assets.xcassets */; };
		DF5CB4E82118483C00F39DC0 /* LaunchScreen.storyboard in Resources */ = {isa = PBXBuildFile; fileRef = DF5CB4E62118483C00F39DC0 /* LaunchScreen.storyboard */; };
		DF5CB4FA211855AA00F39DC0 /* NewSplitViewController.swift in Sources */ = {isa = PBXBuildFile; fileRef = DF5CB4F9211855AA00F39DC0 /* NewSplitViewController.swift */; };
		DF5CB5022118634C00F39DC0 /* Split.swift in Sources */ = {isa = PBXBuildFile; fileRef = DF5CB5012118634C00F39DC0 /* Split.swift */; };
		DF5CB5052118728F00F39DC0 /* database.swift in Sources */ = {isa = PBXBuildFile; fileRef = DF5CB5042118728F00F39DC0 /* database.swift */; };
		DF5CB50721187A9400F39DC0 /* ApplicationController.swift in Sources */ = {isa = PBXBuildFile; fileRef = DF5CB50621187A9400F39DC0 /* ApplicationController.swift */; };
		DF5CB50921198D9400F39DC0 /* SplitViewController.swift in Sources */ = {isa = PBXBuildFile; fileRef = DF5CB50821198D9400F39DC0 /* SplitViewController.swift */; };
		DF5CB50C211998A500F39DC0 /* Expense.swift in Sources */ = {isa = PBXBuildFile; fileRef = DF5CB50B211998A500F39DC0 /* Expense.swift */; };
		DF5CB50E2119D80A00F39DC0 /* NewExpenseViewController.swift in Sources */ = {isa = PBXBuildFile; fileRef = DF5CB50D2119D80A00F39DC0 /* NewExpenseViewController.swift */; };
		DF62DA9524375E7C002807B4 /* Coordinator.swift in Sources */ = {isa = PBXBuildFile; fileRef = DF62DA9424375E7C002807B4 /* Coordinator.swift */; };
		DF62DA9724375ED8002807B4 /* MainCoordinator.swift in Sources */ = {isa = PBXBuildFile; fileRef = DF62DA9624375ED8002807B4 /* MainCoordinator.swift */; };
		DF890F9A211C542100305528 /* EurekaExtensions.swift in Sources */ = {isa = PBXBuildFile; fileRef = DF890F99211C542100305528 /* EurekaExtensions.swift */; };
		DFA39B08243C9E2100DEBDC6 /* ParticipantAmountView.swift in Sources */ = {isa = PBXBuildFile; fileRef = DFA39B07243C9E2100DEBDC6 /* ParticipantAmountView.swift */; };
		DFA39B0A243C9E5B00DEBDC6 /* ParticipantTextEntryRow.swift in Sources */ = {isa = PBXBuildFile; fileRef = DFA39B09243C9E5B00DEBDC6 /* ParticipantTextEntryRow.swift */; };
		DFA39B0C243CA0F400DEBDC6 /* NewExpenseParticipantsView.swift in Sources */ = {isa = PBXBuildFile; fileRef = DFA39B0B243CA0F400DEBDC6 /* NewExpenseParticipantsView.swift */; };
		DFA39B10243CA5DB00DEBDC6 /* ExpenseViewModel.swift in Sources */ = {isa = PBXBuildFile; fileRef = DFA39B0F243CA5DB00DEBDC6 /* ExpenseViewModel.swift */; };
		DFB90DA4211E7A0F0084C5E5 /* split_bills_tests.swift in Sources */ = {isa = PBXBuildFile; fileRef = DFB90DA3211E7A0F0084C5E5 /* split_bills_tests.swift */; };
		DFB90DAC211E7A570084C5E5 /* ExpenseTests.swift in Sources */ = {isa = PBXBuildFile; fileRef = DFB90DAB211E7A570084C5E5 /* ExpenseTests.swift */; };
		DFB90DB021218D5D0084C5E5 /* TextStyle.swift in Sources */ = {isa = PBXBuildFile; fileRef = DFB90DAF21218D5D0084C5E5 /* TextStyle.swift */; };
		DFB90DB2212191BE0084C5E5 /* Button.swift in Sources */ = {isa = PBXBuildFile; fileRef = DFB90DB1212191BE0084C5E5 /* Button.swift */; };
		DFCCD27E243B2C2B00CB35C6 /* NewExpenseView.swift in Sources */ = {isa = PBXBuildFile; fileRef = DFCCD27D243B2C2B00CB35C6 /* NewExpenseView.swift */; };
		DFD8C5702220F13A0095B3A3 /* Localizable.strings in Resources */ = {isa = PBXBuildFile; fileRef = DFD8C5722220F13A0095B3A3 /* Localizable.strings */; };
		DFD8C57422211C6B0095B3A3 /* DatabaseTests.swift in Sources */ = {isa = PBXBuildFile; fileRef = DFD8C57322211C6B0095B3A3 /* DatabaseTests.swift */; };
		DFD8C57722211CC70095B3A3 /* Mocks.swift in Sources */ = {isa = PBXBuildFile; fileRef = DFD8C57622211CC70095B3A3 /* Mocks.swift */; };
/* End PBXBuildFile section */

/* Begin PBXContainerItemProxy section */
		DFB90DA6211E7A0F0084C5E5 /* PBXContainerItemProxy */ = {
			isa = PBXContainerItemProxy;
			containerPortal = DF5CB4D22118483A00F39DC0 /* Project object */;
			proxyType = 1;
			remoteGlobalIDString = DF5CB4D92118483A00F39DC0;
			remoteInfo = "split-bills";
		};
/* End PBXContainerItemProxy section */

/* Begin PBXFileReference section */
		50013912243D5AE300E36B85 /* NewExpenseInfoView.swift */ = {isa = PBXFileReference; lastKnownFileType = sourcecode.swift; path = NewExpenseInfoView.swift; sourceTree = "<group>"; };
		508CE461243AC8D800707D50 /* SplitRow.swift */ = {isa = PBXFileReference; lastKnownFileType = sourcecode.swift; path = SplitRow.swift; sourceTree = "<group>"; };
		508CE463243ADFEC00707D50 /* MainEmptyView.swift */ = {isa = PBXFileReference; lastKnownFileType = sourcecode.swift; path = MainEmptyView.swift; sourceTree = "<group>"; };
		508CE465243B061100707D50 /* SplitEmptyView.swift */ = {isa = PBXFileReference; lastKnownFileType = sourcecode.swift; path = SplitEmptyView.swift; sourceTree = "<group>"; };
		509738B6243C45FB0040AB93 /* ViewExtensions.swift */ = {isa = PBXFileReference; lastKnownFileType = sourcecode.swift; path = ViewExtensions.swift; sourceTree = "<group>"; };
		509738B9243C57EE0040AB93 /* Participants.swift */ = {isa = PBXFileReference; lastKnownFileType = sourcecode.swift; path = Participants.swift; sourceTree = "<group>"; };
		50FD349A243C6528000B327A /* ParticipantSelectionView.swift */ = {isa = PBXFileReference; lastKnownFileType = sourcecode.swift; path = ParticipantSelectionView.swift; sourceTree = "<group>"; };
		50FD349C243C65B5000B327A /* ParticipantSelectRow.swift */ = {isa = PBXFileReference; lastKnownFileType = sourcecode.swift; path = ParticipantSelectRow.swift; sourceTree = "<group>"; };
		DF1A03D82438054F00AD4E64 /* MainView.swift */ = {isa = PBXFileReference; lastKnownFileType = sourcecode.swift; path = MainView.swift; sourceTree = "<group>"; };
		DF1A03DB2438575700AD4E64 /* SplitView.swift */ = {isa = PBXFileReference; lastKnownFileType = sourcecode.swift; path = SplitView.swift; sourceTree = "<group>"; };
		DF1C7DB321290D1800B8FA0C /* UIStyleExtensions.swift */ = {isa = PBXFileReference; lastKnownFileType = sourcecode.swift; path = UIStyleExtensions.swift; sourceTree = "<group>"; };
		DF27336E24395C1D008005F8 /* UIKitClasses.swift */ = {isa = PBXFileReference; lastKnownFileType = sourcecode.swift; path = UIKitClasses.swift; sourceTree = "<group>"; };
		DF4895E72439624700D10DBD /* NewSplitView.swift */ = {isa = PBXFileReference; lastKnownFileType = sourcecode.swift; path = NewSplitView.swift; sourceTree = "<group>"; };
		DF4895E92439676100D10DBD /* SharedViews.swift */ = {isa = PBXFileReference; lastKnownFileType = sourcecode.swift; path = SharedViews.swift; sourceTree = "<group>"; };
		DF4895EB2439C86700D10DBD /* CollectionExtensions.swift */ = {isa = PBXFileReference; lastKnownFileType = sourcecode.swift; path = CollectionExtensions.swift; sourceTree = "<group>"; };
		DF4C6DC02437CC6800954DC7 /* NewSplitViewModel.swift */ = {isa = PBXFileReference; lastKnownFileType = sourcecode.swift; path = NewSplitViewModel.swift; sourceTree = "<group>"; };
		DF4C6DC22437D15C00954DC7 /* SplitViewModel.swift */ = {isa = PBXFileReference; lastKnownFileType = sourcecode.swift; path = SplitViewModel.swift; sourceTree = "<group>"; };
		DF4C6DC42437D57100954DC7 /* NewExpenseViewModel.swift */ = {isa = PBXFileReference; lastKnownFileType = sourcecode.swift; path = NewExpenseViewModel.swift; sourceTree = "<group>"; };
		DF5CB4DA2118483A00F39DC0 /* split-bills.app */ = {isa = PBXFileReference; explicitFileType = wrapper.application; includeInIndex = 0; path = "split-bills.app"; sourceTree = BUILT_PRODUCTS_DIR; };
		DF5CB4DD2118483A00F39DC0 /* AppDelegate.swift */ = {isa = PBXFileReference; lastKnownFileType = sourcecode.swift; path = AppDelegate.swift; sourceTree = "<group>"; };
		DF5CB4DF2118483A00F39DC0 /* RootViewController.swift */ = {isa = PBXFileReference; lastKnownFileType = sourcecode.swift; path = RootViewController.swift; sourceTree = "<group>"; };
		DF5CB4E42118483C00F39DC0 /* Assets.xcassets */ = {isa = PBXFileReference; lastKnownFileType = folder.assetcatalog; path = Assets.xcassets; sourceTree = "<group>"; };
		DF5CB4E72118483C00F39DC0 /* Base */ = {isa = PBXFileReference; lastKnownFileType = file.storyboard; name = Base; path = Base.lproj/LaunchScreen.storyboard; sourceTree = "<group>"; };
		DF5CB4E92118483C00F39DC0 /* Info.plist */ = {isa = PBXFileReference; lastKnownFileType = text.plist.xml; path = Info.plist; sourceTree = "<group>"; };
		DF5CB4F9211855AA00F39DC0 /* NewSplitViewController.swift */ = {isa = PBXFileReference; lastKnownFileType = sourcecode.swift; path = NewSplitViewController.swift; sourceTree = "<group>"; };
		DF5CB5012118634C00F39DC0 /* Split.swift */ = {isa = PBXFileReference; lastKnownFileType = sourcecode.swift; path = Split.swift; sourceTree = "<group>"; };
		DF5CB5042118728F00F39DC0 /* database.swift */ = {isa = PBXFileReference; lastKnownFileType = sourcecode.swift; path = database.swift; sourceTree = "<group>"; };
		DF5CB50621187A9400F39DC0 /* ApplicationController.swift */ = {isa = PBXFileReference; lastKnownFileType = sourcecode.swift; path = ApplicationController.swift; sourceTree = "<group>"; };
		DF5CB50821198D9400F39DC0 /* SplitViewController.swift */ = {isa = PBXFileReference; lastKnownFileType = sourcecode.swift; path = SplitViewController.swift; sourceTree = "<group>"; };
		DF5CB50B211998A500F39DC0 /* Expense.swift */ = {isa = PBXFileReference; lastKnownFileType = sourcecode.swift; path = Expense.swift; sourceTree = "<group>"; };
		DF5CB50D2119D80A00F39DC0 /* NewExpenseViewController.swift */ = {isa = PBXFileReference; lastKnownFileType = sourcecode.swift; path = NewExpenseViewController.swift; sourceTree = "<group>"; };
		DF62DA9424375E7C002807B4 /* Coordinator.swift */ = {isa = PBXFileReference; lastKnownFileType = sourcecode.swift; path = Coordinator.swift; sourceTree = "<group>"; };
		DF62DA9624375ED8002807B4 /* MainCoordinator.swift */ = {isa = PBXFileReference; lastKnownFileType = sourcecode.swift; path = MainCoordinator.swift; sourceTree = "<group>"; };
		DF890F99211C542100305528 /* EurekaExtensions.swift */ = {isa = PBXFileReference; lastKnownFileType = sourcecode.swift; path = EurekaExtensions.swift; sourceTree = "<group>"; };
		DF890F9C211C772F00305528 /* Playground.playground */ = {isa = PBXFileReference; lastKnownFileType = file.playground; path = Playground.playground; sourceTree = "<group>"; xcLanguageSpecificationIdentifier = xcode.lang.swift; };
		DFA39B07243C9E2100DEBDC6 /* ParticipantAmountView.swift */ = {isa = PBXFileReference; lastKnownFileType = sourcecode.swift; path = ParticipantAmountView.swift; sourceTree = "<group>"; };
		DFA39B09243C9E5B00DEBDC6 /* ParticipantTextEntryRow.swift */ = {isa = PBXFileReference; lastKnownFileType = sourcecode.swift; path = ParticipantTextEntryRow.swift; sourceTree = "<group>"; };
		DFA39B0B243CA0F400DEBDC6 /* NewExpenseParticipantsView.swift */ = {isa = PBXFileReference; lastKnownFileType = sourcecode.swift; path = NewExpenseParticipantsView.swift; sourceTree = "<group>"; };
		DFA39B0F243CA5DB00DEBDC6 /* ExpenseViewModel.swift */ = {isa = PBXFileReference; lastKnownFileType = sourcecode.swift; path = ExpenseViewModel.swift; sourceTree = "<group>"; };
		DFB90DA1211E7A0F0084C5E5 /* split-bills-tests.xctest */ = {isa = PBXFileReference; explicitFileType = wrapper.cfbundle; includeInIndex = 0; path = "split-bills-tests.xctest"; sourceTree = BUILT_PRODUCTS_DIR; };
		DFB90DA3211E7A0F0084C5E5 /* split_bills_tests.swift */ = {isa = PBXFileReference; lastKnownFileType = sourcecode.swift; path = split_bills_tests.swift; sourceTree = "<group>"; };
		DFB90DA5211E7A0F0084C5E5 /* Info.plist */ = {isa = PBXFileReference; lastKnownFileType = text.plist.xml; path = Info.plist; sourceTree = "<group>"; };
		DFB90DAB211E7A570084C5E5 /* ExpenseTests.swift */ = {isa = PBXFileReference; lastKnownFileType = sourcecode.swift; path = ExpenseTests.swift; sourceTree = "<group>"; };
		DFB90DAF21218D5D0084C5E5 /* TextStyle.swift */ = {isa = PBXFileReference; lastKnownFileType = sourcecode.swift; path = TextStyle.swift; sourceTree = "<group>"; };
		DFB90DB1212191BE0084C5E5 /* Button.swift */ = {isa = PBXFileReference; lastKnownFileType = sourcecode.swift; path = Button.swift; sourceTree = "<group>"; };
		DFCCD27D243B2C2B00CB35C6 /* NewExpenseView.swift */ = {isa = PBXFileReference; lastKnownFileType = sourcecode.swift; path = NewExpenseView.swift; sourceTree = "<group>"; };
		DFD8C5712220F13A0095B3A3 /* en */ = {isa = PBXFileReference; lastKnownFileType = text.plist.strings; name = en; path = en.lproj/Localizable.strings; sourceTree = "<group>"; };
		DFD8C57322211C6B0095B3A3 /* DatabaseTests.swift */ = {isa = PBXFileReference; lastKnownFileType = sourcecode.swift; path = DatabaseTests.swift; sourceTree = "<group>"; };
		DFD8C57622211CC70095B3A3 /* Mocks.swift */ = {isa = PBXFileReference; lastKnownFileType = sourcecode.swift; path = Mocks.swift; sourceTree = "<group>"; };
/* End PBXFileReference section */

/* Begin PBXFrameworksBuildPhase section */
		DF5CB4D72118483A00F39DC0 /* Frameworks */ = {
			isa = PBXFrameworksBuildPhase;
			buildActionMask = 2147483647;
			files = (
			);
			runOnlyForDeploymentPostprocessing = 0;
		};
		DFB90D9E211E7A0F0084C5E5 /* Frameworks */ = {
			isa = PBXFrameworksBuildPhase;
			buildActionMask = 2147483647;
			files = (
			);
			runOnlyForDeploymentPostprocessing = 0;
		};
/* End PBXFrameworksBuildPhase section */

/* Begin PBXGroup section */
		509738B8243C57CC0040AB93 /* Models */ = {
			isa = PBXGroup;
			children = (
				509738B9243C57EE0040AB93 /* Participants.swift */,
				DFA39B0F243CA5DB00DEBDC6 /* ExpenseViewModel.swift */,
			);
			path = Models;
			sourceTree = "<group>";
		};
		DF1A03DA2438574600AD4E64 /* SwiftUI */ = {
			isa = PBXGroup;
			children = (
				509738B8243C57CC0040AB93 /* Models */,
				DFCCD27C243B2C1200CB35C6 /* Expenses */,
				DF27337024395C38008005F8 /* Main Screen */,
				DF4895E62439622F00D10DBD /* Splits */,
				DF27336D24395C03008005F8 /* Utilities */,
			);
			path = SwiftUI;
			sourceTree = "<group>";
		};
		DF1C7DB221290C2400B8FA0C /* UI Extensions */ = {
			isa = PBXGroup;
			children = (
				DF1C7DB321290D1800B8FA0C /* UIStyleExtensions.swift */,
			);
			path = "UI Extensions";
			sourceTree = "<group>";
		};
		DF27336D24395C03008005F8 /* Utilities */ = {
			isa = PBXGroup;
			children = (
				DF27336E24395C1D008005F8 /* UIKitClasses.swift */,
				DF4895E92439676100D10DBD /* SharedViews.swift */,
				509738B6243C45FB0040AB93 /* ViewExtensions.swift */,
			);
			path = Utilities;
			sourceTree = "<group>";
		};
		DF27337024395C38008005F8 /* Main Screen */ = {
			isa = PBXGroup;
			children = (
				DF1A03D82438054F00AD4E64 /* MainView.swift */,
				508CE461243AC8D800707D50 /* SplitRow.swift */,
				508CE463243ADFEC00707D50 /* MainEmptyView.swift */,
			);
			path = "Main Screen";
			sourceTree = "<group>";
		};
		DF4895E62439622F00D10DBD /* Splits */ = {
			isa = PBXGroup;
			children = (
				DF1A03DB2438575700AD4E64 /* SplitView.swift */,
				DF4895E72439624700D10DBD /* NewSplitView.swift */,
				508CE465243B061100707D50 /* SplitEmptyView.swift */,
			);
			path = Splits;
			sourceTree = "<group>";
		};
		DF4C6DBC2437672800954DC7 /* Main Screen */ = {
			isa = PBXGroup;
			children = (
				DF5CB4DF2118483A00F39DC0 /* RootViewController.swift */,
			);
			path = "Main Screen";
			sourceTree = "<group>";
		};
		DF4C6DBD2437673800954DC7 /* Splits */ = {
			isa = PBXGroup;
			children = (
				DF4C6DC02437CC6800954DC7 /* NewSplitViewModel.swift */,
				DF5CB4F9211855AA00F39DC0 /* NewSplitViewController.swift */,
				DF4C6DC22437D15C00954DC7 /* SplitViewModel.swift */,
				DF5CB50821198D9400F39DC0 /* SplitViewController.swift */,
			);
			path = Splits;
			sourceTree = "<group>";
		};
		DF4C6DBE2437675D00954DC7 /* Expenses */ = {
			isa = PBXGroup;
			children = (
				DF5CB50D2119D80A00F39DC0 /* NewExpenseViewController.swift */,
				DF4C6DC42437D57100954DC7 /* NewExpenseViewModel.swift */,
			);
			path = Expenses;
			sourceTree = "<group>";
		};
		DF4C6DBF2437677B00954DC7 /* Controllers */ = {
			isa = PBXGroup;
			children = (
				DF5CB50621187A9400F39DC0 /* ApplicationController.swift */,
			);
			path = Controllers;
			sourceTree = "<group>";
		};
		DF5CB4D12118483A00F39DC0 = {
			isa = PBXGroup;
			children = (
				DF5CB4DC2118483A00F39DC0 /* split-bills */,
				DFB90DA2211E7A0F0084C5E5 /* split-bills-tests */,
				DF5CB4DB2118483A00F39DC0 /* Products */,
			);
			sourceTree = "<group>";
		};
		DF5CB4DB2118483A00F39DC0 /* Products */ = {
			isa = PBXGroup;
			children = (
				DF5CB4DA2118483A00F39DC0 /* split-bills.app */,
				DFB90DA1211E7A0F0084C5E5 /* split-bills-tests.xctest */,
			);
			name = Products;
			sourceTree = "<group>";
		};
		DF5CB4DC2118483A00F39DC0 /* split-bills */ = {
			isa = PBXGroup;
			children = (
				DF4C6DBF2437677B00954DC7 /* Controllers */,
				DF62DA9324375E4B002807B4 /* Coordinator */,
				DF1C7DB221290C2400B8FA0C /* UI Extensions */,
				DFB90DAE21218D430084C5E5 /* Style */,
				DF890F98211C541000305528 /* Utils */,
				DF5CB5032118728300F39DC0 /* Database */,
				DF5CB5002118634100F39DC0 /* Models */,
				DF1A03DA2438574600AD4E64 /* SwiftUI */,
				DF5CB4F82118559800F39DC0 /* UI */,
				DF5CB4DD2118483A00F39DC0 /* AppDelegate.swift */,
				DF5CB50A2119917E00F39DC0 /* Resources */,
				DF5CB4E62118483C00F39DC0 /* LaunchScreen.storyboard */,
				DF5CB4E92118483C00F39DC0 /* Info.plist */,
			);
			path = "split-bills";
			sourceTree = "<group>";
		};
		DF5CB4F82118559800F39DC0 /* UI */ = {
			isa = PBXGroup;
			children = (
				DF4C6DBE2437675D00954DC7 /* Expenses */,
				DF4C6DBD2437673800954DC7 /* Splits */,
				DF4C6DBC2437672800954DC7 /* Main Screen */,
			);
			path = UI;
			sourceTree = "<group>";
		};
		DF5CB5002118634100F39DC0 /* Models */ = {
			isa = PBXGroup;
			children = (
				DF5CB5012118634C00F39DC0 /* Split.swift */,
				DF5CB50B211998A500F39DC0 /* Expense.swift */,
			);
			path = Models;
			sourceTree = "<group>";
		};
		DF5CB5032118728300F39DC0 /* Database */ = {
			isa = PBXGroup;
			children = (
				DF5CB5042118728F00F39DC0 /* database.swift */,
			);
			path = Database;
			sourceTree = "<group>";
		};
		DF5CB50A2119917E00F39DC0 /* Resources */ = {
			isa = PBXGroup;
			children = (
				DF5CB4E42118483C00F39DC0 /* Assets.xcassets */,
				DFD8C5722220F13A0095B3A3 /* Localizable.strings */,
			);
			path = Resources;
			sourceTree = "<group>";
		};
		DF62DA9324375E4B002807B4 /* Coordinator */ = {
			isa = PBXGroup;
			children = (
				DF62DA9424375E7C002807B4 /* Coordinator.swift */,
				DF62DA9624375ED8002807B4 /* MainCoordinator.swift */,
			);
			path = Coordinator;
			sourceTree = "<group>";
		};
		DF890F98211C541000305528 /* Utils */ = {
			isa = PBXGroup;
			children = (
				DF890F99211C542100305528 /* EurekaExtensions.swift */,
				DF890F9C211C772F00305528 /* Playground.playground */,
				DF4895EB2439C86700D10DBD /* CollectionExtensions.swift */,
			);
			path = Utils;
			sourceTree = "<group>";
		};
		DFB90DA2211E7A0F0084C5E5 /* split-bills-tests */ = {
			isa = PBXGroup;
			children = (
				DFD8C57522211CAE0095B3A3 /* Resources */,
				DFB90DA3211E7A0F0084C5E5 /* split_bills_tests.swift */,
				DFB90DA5211E7A0F0084C5E5 /* Info.plist */,
				DFB90DAB211E7A570084C5E5 /* ExpenseTests.swift */,
				DFD8C57322211C6B0095B3A3 /* DatabaseTests.swift */,
			);
			path = "split-bills-tests";
			sourceTree = "<group>";
		};
		DFB90DAE21218D430084C5E5 /* Style */ = {
			isa = PBXGroup;
			children = (
				DFB90DAF21218D5D0084C5E5 /* TextStyle.swift */,
				DFB90DB1212191BE0084C5E5 /* Button.swift */,
			);
			path = Style;
			sourceTree = "<group>";
		};
		DFCCD27C243B2C1200CB35C6 /* Expenses */ = {
			isa = PBXGroup;
			children = (
				DFCCD27D243B2C2B00CB35C6 /* NewExpenseView.swift */,
				50FD349A243C6528000B327A /* ParticipantSelectionView.swift */,
				50FD349C243C65B5000B327A /* ParticipantSelectRow.swift */,
				DFA39B07243C9E2100DEBDC6 /* ParticipantAmountView.swift */,
				DFA39B09243C9E5B00DEBDC6 /* ParticipantTextEntryRow.swift */,
				DFA39B0B243CA0F400DEBDC6 /* NewExpenseParticipantsView.swift */,
				50013912243D5AE300E36B85 /* NewExpenseInfoView.swift */,
			);
			path = Expenses;
			sourceTree = "<group>";
		};
		DFD8C57522211CAE0095B3A3 /* Resources */ = {
			isa = PBXGroup;
			children = (
				DFD8C57622211CC70095B3A3 /* Mocks.swift */,
			);
			path = Resources;
			sourceTree = "<group>";
		};
/* End PBXGroup section */

/* Begin PBXNativeTarget section */
		DF5CB4D92118483A00F39DC0 /* split-bills */ = {
			isa = PBXNativeTarget;
			buildConfigurationList = DF5CB4EC2118483C00F39DC0 /* Build configuration list for PBXNativeTarget "split-bills" */;
			buildPhases = (
				DF5CB4D62118483A00F39DC0 /* Sources */,
				DF5CB4D72118483A00F39DC0 /* Frameworks */,
				DF5CB4D82118483A00F39DC0 /* Resources */,
				DF5CB4F22118498100F39DC0 /* ShellScript */,
			);
			buildRules = (
			);
			dependencies = (
			);
			name = "split-bills";
			productName = "split-bills";
			productReference = DF5CB4DA2118483A00F39DC0 /* split-bills.app */;
			productType = "com.apple.product-type.application";
		};
		DFB90DA0211E7A0F0084C5E5 /* split-bills-tests */ = {
			isa = PBXNativeTarget;
			buildConfigurationList = DFB90DAA211E7A0F0084C5E5 /* Build configuration list for PBXNativeTarget "split-bills-tests" */;
			buildPhases = (
				DFB90D9D211E7A0F0084C5E5 /* Sources */,
				DFB90D9E211E7A0F0084C5E5 /* Frameworks */,
				DFB90D9F211E7A0F0084C5E5 /* Resources */,
			);
			buildRules = (
			);
			dependencies = (
				DFB90DA7211E7A0F0084C5E5 /* PBXTargetDependency */,
			);
			name = "split-bills-tests";
			productName = "split-bills-tests";
			productReference = DFB90DA1211E7A0F0084C5E5 /* split-bills-tests.xctest */;
			productType = "com.apple.product-type.bundle.unit-test";
		};
/* End PBXNativeTarget section */

/* Begin PBXProject section */
		DF5CB4D22118483A00F39DC0 /* Project object */ = {
			isa = PBXProject;
			attributes = {
				LastSwiftUpdateCheck = 1000;
				LastUpgradeCheck = 1000;
				ORGANIZATIONNAME = "Carlos Miguel de Elias";
				TargetAttributes = {
					DF5CB4D92118483A00F39DC0 = {
						CreatedOnToolsVersion = 10.0;
						LastSwiftMigration = 1140;
					};
					DFB90DA0211E7A0F0084C5E5 = {
						CreatedOnToolsVersion = 10.0;
						LastSwiftMigration = 1140;
						TestTargetID = DF5CB4D92118483A00F39DC0;
					};
				};
			};
			buildConfigurationList = DF5CB4D52118483A00F39DC0 /* Build configuration list for PBXProject "split-bills" */;
			compatibilityVersion = "Xcode 9.3";
			developmentRegion = en;
			hasScannedForEncodings = 0;
			knownRegions = (
				en,
				Base,
			);
			mainGroup = DF5CB4D12118483A00F39DC0;
			productRefGroup = DF5CB4DB2118483A00F39DC0 /* Products */;
			projectDirPath = "";
			projectRoot = "";
			targets = (
				DF5CB4D92118483A00F39DC0 /* split-bills */,
				DFB90DA0211E7A0F0084C5E5 /* split-bills-tests */,
			);
		};
/* End PBXProject section */

/* Begin PBXResourcesBuildPhase section */
		DF5CB4D82118483A00F39DC0 /* Resources */ = {
			isa = PBXResourcesBuildPhase;
			buildActionMask = 2147483647;
			files = (
				DF5CB4E82118483C00F39DC0 /* LaunchScreen.storyboard in Resources */,
				DFD8C5702220F13A0095B3A3 /* Localizable.strings in Resources */,
				DF5CB4E52118483C00F39DC0 /* Assets.xcassets in Resources */,
			);
			runOnlyForDeploymentPostprocessing = 0;
		};
		DFB90D9F211E7A0F0084C5E5 /* Resources */ = {
			isa = PBXResourcesBuildPhase;
			buildActionMask = 2147483647;
			files = (
			);
			runOnlyForDeploymentPostprocessing = 0;
		};
/* End PBXResourcesBuildPhase section */

/* Begin PBXShellScriptBuildPhase section */
		DF5CB4F22118498100F39DC0 /* ShellScript */ = {
			isa = PBXShellScriptBuildPhase;
			buildActionMask = 2147483647;
			files = (
			);
			inputPaths = (
				"$(SRCROOT)/Carthage/Build/iOS/SnapKit.framework",
				"$(SRCROOT)/Carthage/Build/iOS/Eureka.framework",
				"$(SRCROOT)/Carthage/Build/iOS/SQLite.framework",
			);
			outputPaths = (
				"$(BUILT_PRODUCTS_DIR)/$(FRAMEWORKS_FOLDER_PATH)/SnapKit.framework",
				"$(BUILT_PRODUCTS_DIR)/$(FRAMEWORKS_FOLDER_PATH)/Eureka.framework",
				"$(BUILD_PRODUCTS_DIC)/$(FRAMWEORKS_FOLDER_PATH)/SQLite.framework",
			);
			runOnlyForDeploymentPostprocessing = 0;
			shellPath = /bin/sh;
			shellScript = "# Type a script or drag a script file from your workspace to insert its path.\n/usr/local/bin/carthage copy-frameworks\n";
		};
/* End PBXShellScriptBuildPhase section */

/* Begin PBXSourcesBuildPhase section */
		DF5CB4D62118483A00F39DC0 /* Sources */ = {
			isa = PBXSourcesBuildPhase;
			buildActionMask = 2147483647;
			files = (
				DF4C6DC32437D15C00954DC7 /* SplitViewModel.swift in Sources */,
				DF4895EC2439C86700D10DBD /* CollectionExtensions.swift in Sources */,
				DF890F9A211C542100305528 /* EurekaExtensions.swift in Sources */,
				50013913243D5AE300E36B85 /* NewExpenseInfoView.swift in Sources */,
				DF5CB50C211998A500F39DC0 /* Expense.swift in Sources */,
				DF5CB50721187A9400F39DC0 /* ApplicationController.swift in Sources */,
				DFA39B0C243CA0F400DEBDC6 /* NewExpenseParticipantsView.swift in Sources */,
				DF5CB50921198D9400F39DC0 /* SplitViewController.swift in Sources */,
				DF1A03DC2438575700AD4E64 /* SplitView.swift in Sources */,
				509738BA243C57EE0040AB93 /* Participants.swift in Sources */,
				DF1A03D92438054F00AD4E64 /* MainView.swift in Sources */,
				DF4C6DC12437CC6800954DC7 /* NewSplitViewModel.swift in Sources */,
				DF5CB4E02118483A00F39DC0 /* RootViewController.swift in Sources */,
				DF4895EA2439676100D10DBD /* SharedViews.swift in Sources */,
				50FD349D243C65B5000B327A /* ParticipantSelectRow.swift in Sources */,
				50FD349B243C6528000B327A /* ParticipantSelectionView.swift in Sources */,
				DF1C7DB421290D1800B8FA0C /* UIStyleExtensions.swift in Sources */,
				DF4895E82439624700D10DBD /* NewSplitView.swift in Sources */,
				508CE462243AC8D800707D50 /* SplitRow.swift in Sources */,
				DF62DA9524375E7C002807B4 /* Coordinator.swift in Sources */,
				DF5CB4DE2118483A00F39DC0 /* AppDelegate.swift in Sources */,
				DFA39B10243CA5DB00DEBDC6 /* ExpenseViewModel.swift in Sources */,
				DFCCD27E243B2C2B00CB35C6 /* NewExpenseView.swift in Sources */,
				DF5CB5022118634C00F39DC0 /* Split.swift in Sources */,
				DFA39B08243C9E2100DEBDC6 /* ParticipantAmountView.swift in Sources */,
				DF27336F24395C1D008005F8 /* UIKitClasses.swift in Sources */,
				508CE466243B061100707D50 /* SplitEmptyView.swift in Sources */,
				DFA39B0A243C9E5B00DEBDC6 /* ParticipantTextEntryRow.swift in Sources */,
				509738B7243C45FB0040AB93 /* ViewExtensions.swift in Sources */,
				DFB90DB2212191BE0084C5E5 /* Button.swift in Sources */,
				DF5CB5052118728F00F39DC0 /* database.swift in Sources */,
				DF5CB4FA211855AA00F39DC0 /* NewSplitViewController.swift in Sources */,
				DFB90DB021218D5D0084C5E5 /* TextStyle.swift in Sources */,
				DF62DA9724375ED8002807B4 /* MainCoordinator.swift in Sources */,
				DF4C6DC52437D57100954DC7 /* NewExpenseViewModel.swift in Sources */,
				DF5CB50E2119D80A00F39DC0 /* NewExpenseViewController.swift in Sources */,
				508CE464243ADFEC00707D50 /* MainEmptyView.swift in Sources */,
			);
			runOnlyForDeploymentPostprocessing = 0;
		};
		DFB90D9D211E7A0F0084C5E5 /* Sources */ = {
			isa = PBXSourcesBuildPhase;
			buildActionMask = 2147483647;
			files = (
				DFD8C57422211C6B0095B3A3 /* DatabaseTests.swift in Sources */,
				DFB90DAC211E7A570084C5E5 /* ExpenseTests.swift in Sources */,
				DFB90DA4211E7A0F0084C5E5 /* split_bills_tests.swift in Sources */,
				DFD8C57722211CC70095B3A3 /* Mocks.swift in Sources */,
			);
			runOnlyForDeploymentPostprocessing = 0;
		};
/* End PBXSourcesBuildPhase section */

/* Begin PBXTargetDependency section */
		DFB90DA7211E7A0F0084C5E5 /* PBXTargetDependency */ = {
			isa = PBXTargetDependency;
			target = DF5CB4D92118483A00F39DC0 /* split-bills */;
			targetProxy = DFB90DA6211E7A0F0084C5E5 /* PBXContainerItemProxy */;
		};
/* End PBXTargetDependency section */

/* Begin PBXVariantGroup section */
		DF5CB4E62118483C00F39DC0 /* LaunchScreen.storyboard */ = {
			isa = PBXVariantGroup;
			children = (
				DF5CB4E72118483C00F39DC0 /* Base */,
			);
			name = LaunchScreen.storyboard;
			sourceTree = "<group>";
		};
		DFD8C5722220F13A0095B3A3 /* Localizable.strings */ = {
			isa = PBXVariantGroup;
			children = (
				DFD8C5712220F13A0095B3A3 /* en */,
			);
			name = Localizable.strings;
			sourceTree = "<group>";
		};
/* End PBXVariantGroup section */

/* Begin XCBuildConfiguration section */
		DF5CB4EA2118483C00F39DC0 /* Debug */ = {
			isa = XCBuildConfiguration;
			buildSettings = {
				ALWAYS_SEARCH_USER_PATHS = NO;
				CLANG_ANALYZER_NONNULL = YES;
				CLANG_ANALYZER_NUMBER_OBJECT_CONVERSION = YES_AGGRESSIVE;
				CLANG_CXX_LANGUAGE_STANDARD = "gnu++14";
				CLANG_CXX_LIBRARY = "libc++";
				CLANG_ENABLE_MODULES = YES;
				CLANG_ENABLE_OBJC_ARC = YES;
				CLANG_ENABLE_OBJC_WEAK = YES;
				CLANG_WARN_BLOCK_CAPTURE_AUTORELEASING = YES;
				CLANG_WARN_BOOL_CONVERSION = YES;
				CLANG_WARN_COMMA = YES;
				CLANG_WARN_CONSTANT_CONVERSION = YES;
				CLANG_WARN_DEPRECATED_OBJC_IMPLEMENTATIONS = YES;
				CLANG_WARN_DIRECT_OBJC_ISA_USAGE = YES_ERROR;
				CLANG_WARN_DOCUMENTATION_COMMENTS = YES;
				CLANG_WARN_EMPTY_BODY = YES;
				CLANG_WARN_ENUM_CONVERSION = YES;
				CLANG_WARN_INFINITE_RECURSION = YES;
				CLANG_WARN_INT_CONVERSION = YES;
				CLANG_WARN_NON_LITERAL_NULL_CONVERSION = YES;
				CLANG_WARN_OBJC_IMPLICIT_RETAIN_SELF = YES;
				CLANG_WARN_OBJC_LITERAL_CONVERSION = YES;
				CLANG_WARN_OBJC_ROOT_CLASS = YES_ERROR;
				CLANG_WARN_RANGE_LOOP_ANALYSIS = YES;
				CLANG_WARN_STRICT_PROTOTYPES = YES;
				CLANG_WARN_SUSPICIOUS_MOVE = YES;
				CLANG_WARN_UNGUARDED_AVAILABILITY = YES_AGGRESSIVE;
				CLANG_WARN_UNREACHABLE_CODE = YES;
				CLANG_WARN__DUPLICATE_METHOD_MATCH = YES;
				CODE_SIGN_IDENTITY = "iPhone Developer";
				COPY_PHASE_STRIP = NO;
				DEBUG_INFORMATION_FORMAT = dwarf;
				ENABLE_STRICT_OBJC_MSGSEND = YES;
				ENABLE_TESTABILITY = YES;
				GCC_C_LANGUAGE_STANDARD = gnu11;
				GCC_DYNAMIC_NO_PIC = NO;
				GCC_NO_COMMON_BLOCKS = YES;
				GCC_OPTIMIZATION_LEVEL = 0;
				GCC_PREPROCESSOR_DEFINITIONS = (
					"DEBUG=1",
					"$(inherited)",
				);
				GCC_WARN_64_TO_32_BIT_CONVERSION = YES;
				GCC_WARN_ABOUT_RETURN_TYPE = YES_ERROR;
				GCC_WARN_UNDECLARED_SELECTOR = YES;
				GCC_WARN_UNINITIALIZED_AUTOS = YES_AGGRESSIVE;
				GCC_WARN_UNUSED_FUNCTION = YES;
				GCC_WARN_UNUSED_VARIABLE = YES;
				IPHONEOS_DEPLOYMENT_TARGET = 13.0;
				MTL_ENABLE_DEBUG_INFO = INCLUDE_SOURCE;
				MTL_FAST_MATH = YES;
				ONLY_ACTIVE_ARCH = YES;
				SDKROOT = iphoneos;
				SWIFT_ACTIVE_COMPILATION_CONDITIONS = DEBUG;
				SWIFT_OPTIMIZATION_LEVEL = "-Onone";
			};
			name = Debug;
		};
		DF5CB4EB2118483C00F39DC0 /* Release */ = {
			isa = XCBuildConfiguration;
			buildSettings = {
				ALWAYS_SEARCH_USER_PATHS = NO;
				CLANG_ANALYZER_NONNULL = YES;
				CLANG_ANALYZER_NUMBER_OBJECT_CONVERSION = YES_AGGRESSIVE;
				CLANG_CXX_LANGUAGE_STANDARD = "gnu++14";
				CLANG_CXX_LIBRARY = "libc++";
				CLANG_ENABLE_MODULES = YES;
				CLANG_ENABLE_OBJC_ARC = YES;
				CLANG_ENABLE_OBJC_WEAK = YES;
				CLANG_WARN_BLOCK_CAPTURE_AUTORELEASING = YES;
				CLANG_WARN_BOOL_CONVERSION = YES;
				CLANG_WARN_COMMA = YES;
				CLANG_WARN_CONSTANT_CONVERSION = YES;
				CLANG_WARN_DEPRECATED_OBJC_IMPLEMENTATIONS = YES;
				CLANG_WARN_DIRECT_OBJC_ISA_USAGE = YES_ERROR;
				CLANG_WARN_DOCUMENTATION_COMMENTS = YES;
				CLANG_WARN_EMPTY_BODY = YES;
				CLANG_WARN_ENUM_CONVERSION = YES;
				CLANG_WARN_INFINITE_RECURSION = YES;
				CLANG_WARN_INT_CONVERSION = YES;
				CLANG_WARN_NON_LITERAL_NULL_CONVERSION = YES;
				CLANG_WARN_OBJC_IMPLICIT_RETAIN_SELF = YES;
				CLANG_WARN_OBJC_LITERAL_CONVERSION = YES;
				CLANG_WARN_OBJC_ROOT_CLASS = YES_ERROR;
				CLANG_WARN_RANGE_LOOP_ANALYSIS = YES;
				CLANG_WARN_STRICT_PROTOTYPES = YES;
				CLANG_WARN_SUSPICIOUS_MOVE = YES;
				CLANG_WARN_UNGUARDED_AVAILABILITY = YES_AGGRESSIVE;
				CLANG_WARN_UNREACHABLE_CODE = YES;
				CLANG_WARN__DUPLICATE_METHOD_MATCH = YES;
				CODE_SIGN_IDENTITY = "iPhone Developer";
				COPY_PHASE_STRIP = NO;
				DEBUG_INFORMATION_FORMAT = "dwarf-with-dsym";
				ENABLE_NS_ASSERTIONS = NO;
				ENABLE_STRICT_OBJC_MSGSEND = YES;
				GCC_C_LANGUAGE_STANDARD = gnu11;
				GCC_NO_COMMON_BLOCKS = YES;
				GCC_WARN_64_TO_32_BIT_CONVERSION = YES;
				GCC_WARN_ABOUT_RETURN_TYPE = YES_ERROR;
				GCC_WARN_UNDECLARED_SELECTOR = YES;
				GCC_WARN_UNINITIALIZED_AUTOS = YES_AGGRESSIVE;
				GCC_WARN_UNUSED_FUNCTION = YES;
				GCC_WARN_UNUSED_VARIABLE = YES;
				IPHONEOS_DEPLOYMENT_TARGET = 13.0;
				MTL_ENABLE_DEBUG_INFO = NO;
				MTL_FAST_MATH = YES;
				SDKROOT = iphoneos;
				SWIFT_COMPILATION_MODE = wholemodule;
				SWIFT_OPTIMIZATION_LEVEL = "-O";
				VALIDATE_PRODUCT = YES;
			};
			name = Release;
		};
		DF5CB4ED2118483C00F39DC0 /* Debug */ = {
			isa = XCBuildConfiguration;
			buildSettings = {
				ASSETCATALOG_COMPILER_APPICON_NAME = AppIcon;
				CODE_SIGN_STYLE = Automatic;
				DEVELOPMENT_TEAM = 8H6FZRWWZG;
				FRAMEWORK_SEARCH_PATHS = (
					"$(inherited)",
					"$(PROJECT_DIR)/Carthage/Build/iOS",
				);
				INFOPLIST_FILE = "split-bills/Info.plist";
				IPHONEOS_DEPLOYMENT_TARGET = 13.0;
				LD_RUNPATH_SEARCH_PATHS = (
					"$(inherited)",
					"@executable_path/Frameworks",
				);
				PRODUCT_BUNDLE_IDENTIFIER = "maikol.split-bills-app";
				PRODUCT_NAME = "$(TARGET_NAME)";
				SWIFT_VERSION = 5.0;
				TARGETED_DEVICE_FAMILY = "1,2";
			};
			name = Debug;
		};
		DF5CB4EE2118483C00F39DC0 /* Release */ = {
			isa = XCBuildConfiguration;
			buildSettings = {
				ASSETCATALOG_COMPILER_APPICON_NAME = AppIcon;
				CODE_SIGN_STYLE = Automatic;
				DEVELOPMENT_TEAM = 8H6FZRWWZG;
				FRAMEWORK_SEARCH_PATHS = (
					"$(inherited)",
					"$(PROJECT_DIR)/Carthage/Build/iOS",
				);
				INFOPLIST_FILE = "split-bills/Info.plist";
				IPHONEOS_DEPLOYMENT_TARGET = 13.0;
				LD_RUNPATH_SEARCH_PATHS = (
					"$(inherited)",
					"@executable_path/Frameworks",
				);
				PRODUCT_BUNDLE_IDENTIFIER = "maikol.split-bills-app";
				PRODUCT_NAME = "$(TARGET_NAME)";
				SWIFT_VERSION = 5.0;
				TARGETED_DEVICE_FAMILY = "1,2";
			};
			name = Release;
		};
		DFB90DA8211E7A0F0084C5E5 /* Debug */ = {
			isa = XCBuildConfiguration;
			buildSettings = {
				BUNDLE_LOADER = "$(TEST_HOST)";
				CODE_SIGN_STYLE = Automatic;
				INFOPLIST_FILE = "split-bills-tests/Info.plist";
				LD_RUNPATH_SEARCH_PATHS = (
					"$(inherited)",
					"@executable_path/Frameworks",
					"@loader_path/Frameworks",
				);
				PRODUCT_BUNDLE_IDENTIFIER = "maikol.split-bills-tests";
				PRODUCT_NAME = "$(TARGET_NAME)";
				SWIFT_VERSION = 5.0;
				TARGETED_DEVICE_FAMILY = "1,2";
				TEST_HOST = "$(BUILT_PRODUCTS_DIR)/split-bills.app/split-bills";
			};
			name = Debug;
		};
		DFB90DA9211E7A0F0084C5E5 /* Release */ = {
			isa = XCBuildConfiguration;
			buildSettings = {
				BUNDLE_LOADER = "$(TEST_HOST)";
				CODE_SIGN_STYLE = Automatic;
				INFOPLIST_FILE = "split-bills-tests/Info.plist";
				LD_RUNPATH_SEARCH_PATHS = (
					"$(inherited)",
					"@executable_path/Frameworks",
					"@loader_path/Frameworks",
				);
				PRODUCT_BUNDLE_IDENTIFIER = "maikol.split-bills-tests";
				PRODUCT_NAME = "$(TARGET_NAME)";
				SWIFT_VERSION = 5.0;
				TARGETED_DEVICE_FAMILY = "1,2";
				TEST_HOST = "$(BUILT_PRODUCTS_DIR)/split-bills.app/split-bills";
			};
			name = Release;
		};
/* End XCBuildConfiguration section */

/* Begin XCConfigurationList section */
		DF5CB4D52118483A00F39DC0 /* Build configuration list for PBXProject "split-bills" */ = {
			isa = XCConfigurationList;
			buildConfigurations = (
				DF5CB4EA2118483C00F39DC0 /* Debug */,
				DF5CB4EB2118483C00F39DC0 /* Release */,
			);
			defaultConfigurationIsVisible = 0;
			defaultConfigurationName = Release;
		};
		DF5CB4EC2118483C00F39DC0 /* Build configuration list for PBXNativeTarget "split-bills" */ = {
			isa = XCConfigurationList;
			buildConfigurations = (
				DF5CB4ED2118483C00F39DC0 /* Debug */,
				DF5CB4EE2118483C00F39DC0 /* Release */,
			);
			defaultConfigurationIsVisible = 0;
			defaultConfigurationName = Release;
		};
		DFB90DAA211E7A0F0084C5E5 /* Build configuration list for PBXNativeTarget "split-bills-tests" */ = {
			isa = XCConfigurationList;
			buildConfigurations = (
				DFB90DA8211E7A0F0084C5E5 /* Debug */,
				DFB90DA9211E7A0F0084C5E5 /* Release */,
			);
			defaultConfigurationIsVisible = 0;
			defaultConfigurationName = Release;
		};
/* End XCConfigurationList section */
	};
	rootObject = DF5CB4D22118483A00F39DC0 /* Project object */;
}
